
Microsoft Visual Studio Solution File, Format Version 12.00
# Visual Studio Version 17
VisualStudioVersion = 17.0.31903.59
MinimumVisualStudioVersion = 10.0.40219.1
Project("{FAE04EC0-301F-11D3-BF4B-00C04F79EFBC}") = "API", "API\API.csproj", "{165C9035-D29D-4FB0-90AC-58B0426CBF92}"
EndProject
Project("{FAE04EC0-301F-11D3-BF4B-00C04F79EFBC}") = "Infrastructure", "Infrastructure\Infrastructure.csproj", "{8D9098B8-26CA-4FEE-AF4C-EDF13011FF4D}"
EndProject
Project("{FAE04EC0-301F-11D3-BF4B-00C04F79EFBC}") = "BackEndTests", "BackEndTests\BackEndTests.csproj", "{6ED28DCE-CD4D-487E-B2A5-F54AEAF0008B}"
EndProject
Global
	GlobalSection(SolutionConfigurationPlatforms) = preSolution
		Debug|Any CPU = Debug|Any CPU
		Release|Any CPU = Release|Any CPU
	EndGlobalSection
	GlobalSection(SolutionProperties) = preSolution
		HideSolutionNode = FALSE
	EndGlobalSection
	GlobalSection(ProjectConfigurationPlatforms) = postSolution
		{165C9035-D29D-4FB0-90AC-58B0426CBF92}.Debug|Any CPU.ActiveCfg = Debug|Any CPU
		{165C9035-D29D-4FB0-90AC-58B0426CBF92}.Debug|Any CPU.Build.0 = Debug|Any CPU
		{165C9035-D29D-4FB0-90AC-58B0426CBF92}.Release|Any CPU.ActiveCfg = Release|Any CPU
		{165C9035-D29D-4FB0-90AC-58B0426CBF92}.Release|Any CPU.Build.0 = Release|Any CPU
		{8D9098B8-26CA-4FEE-AF4C-EDF13011FF4D}.Debug|Any CPU.ActiveCfg = Debug|Any CPU
		{8D9098B8-26CA-4FEE-AF4C-EDF13011FF4D}.Debug|Any CPU.Build.0 = Debug|Any CPU
		{8D9098B8-26CA-4FEE-AF4C-EDF13011FF4D}.Release|Any CPU.ActiveCfg = Release|Any CPU
		{8D9098B8-26CA-4FEE-AF4C-EDF13011FF4D}.Release|Any CPU.Build.0 = Release|Any CPU
		{6ED28DCE-CD4D-487E-B2A5-F54AEAF0008B}.Debug|Any CPU.ActiveCfg = Debug|Any CPU
		{6ED28DCE-CD4D-487E-B2A5-F54AEAF0008B}.Debug|Any CPU.Build.0 = Debug|Any CPU
		{6ED28DCE-CD4D-487E-B2A5-F54AEAF0008B}.Release|Any CPU.ActiveCfg = Release|Any CPU
		{6ED28DCE-CD4D-487E-B2A5-F54AEAF0008B}.Release|Any CPU.Build.0 = Release|Any CPU
	EndGlobalSection
EndGlobal
